
Microsoft Visual Studio Solution File, Format Version 12.00
# Visual Studio Version 17
VisualStudioVersion = 17.10.35027.167
MinimumVisualStudioVersion = 10.0.40219.1
Project("{FAE04EC0-301F-11D3-BF4B-00C04F79EFBC}") = "Abstractions", "Abstractions\Abstractions.csproj", "{5C11CBC3-7CD2-C0CE-516D-4CA9B8BEADAC}"
EndProject
Project("{2150E333-8FDC-42A3-9474-1A3956D46DE8}") = "HashProviders", "HashProviders", "{2C337142-F367-8BC9-A335-BAA4E73688A7}"
EndProject
Project("{FAE04EC0-301F-11D3-BF4B-00C04F79EFBC}") = "MD5", "HashProviders\MD5\MD5.csproj", "{E1DACF73-A66D-4D7B-BE58-085FFF71B602}"
EndProject
Project("{FAE04EC0-301F-11D3-BF4B-00C04F79EFBC}") = "SHA1", "HashProviders\SHA1\SHA1.csproj", "{B26224FE-8F7C-47A4-9C94-F52FB38752C9}"
EndProject
Project("{FAE04EC0-301F-11D3-BF4B-00C04F79EFBC}") = "SHA256", "HashProviders\SHA256\SHA256.csproj", "{1D85B5E7-E802-41E3-AD13-8B004C7F6070}"
EndProject
Project("{FAE04EC0-301F-11D3-BF4B-00C04F79EFBC}") = "SHA384", "HashProviders\SHA384\SHA384.csproj", "{C881A999-150F-48C1-B780-E1999DC03DE6}"
EndProject
Project("{FAE04EC0-301F-11D3-BF4B-00C04F79EFBC}") = "SHA512", "HashProviders\SHA512\SHA512.csproj", "{65C629FE-D729-4234-96F1-5498992F440F}"
EndProject
Project("{FAE04EC0-301F-11D3-BF4B-00C04F79EFBC}") = "FNV1_32", "HashProviders\FNV1_32\FNV1_32.csproj", "{7E7BAEF6-7288-49FA-91B1-670E4A89F93B}"
EndProject
Project("{FAE04EC0-301F-11D3-BF4B-00C04F79EFBC}") = "FNV1a_32", "HashProviders\FNV1a_32\FNV1a_32.csproj", "{8B7672C5-3990-4A6D-9A2B-B7F51CF89CA7}"
EndProject
Project("{FAE04EC0-301F-11D3-BF4B-00C04F79EFBC}") = "FNV1_64", "HashProviders\FNV1_64\FNV1_64.csproj", "{2CFF0F1D-8A47-48B7-A1E5-F809C8321CE2}"
EndProject
Project("{FAE04EC0-301F-11D3-BF4B-00C04F79EFBC}") = "FNV1a_64", "HashProviders\FNV1a_64\FNV1a_64.csproj", "{77B80A03-4BCC-4F09-A282-0116EA6DB454}"
EndProject
Project("{FAE04EC0-301F-11D3-BF4B-00C04F79EFBC}") = "CRC32", "HashProviders\CRC32\CRC32.csproj", "{8B981684-D898-466B-9A4C-983663E69E30}"
EndProject
Project("{FAE04EC0-301F-11D3-BF4B-00C04F79EFBC}") = "CRC64", "HashProviders\CRC64\CRC64.csproj", "{644A68E6-61BC-469C-92B1-5F7C56BCBBE5}"
EndProject
Project("{FAE04EC0-301F-11D3-BF4B-00C04F79EFBC}") = "XxHash32", "HashProviders\XxHash32\XxHash32.csproj", "{9AC8919D-90FF-420F-9118-6E48858E4151}"
EndProject
Project("{FAE04EC0-301F-11D3-BF4B-00C04F79EFBC}") = "XxHash64", "HashProviders\XxHash64\XxHash64.csproj", "{1E1C5291-454A-4D38-A022-11FC66B6A0D0}"
EndProject
Project("{FAE04EC0-301F-11D3-BF4B-00C04F79EFBC}") = "XxHash3", "HashProviders\XxHash3\XxHash3.csproj", "{C29E305F-7173-4E47-AD38-12435C8AC1D1}"
EndProject
Project("{FAE04EC0-301F-11D3-BF4B-00C04F79EFBC}") = "XxHash128", "HashProviders\XxHash128\XxHash128.csproj", "{4342C0D7-CB7D-4C7A-B523-8CD88B4F7936}"
EndProject
Project("{2150E333-8FDC-42A3-9474-1A3956D46DE8}") = "CompressionProviders", "CompressionProviders", "{89D42007-A095-F2C3-B032-F9BE64D2CF3D}"
EndProject
Project("{FAE04EC0-301F-11D3-BF4B-00C04F79EFBC}") = "Gzip", "CompressionProviders\Gzip\Gzip.csproj", "{19749A57-F47D-416B-A6D0-832DDC7C7F6D}"
EndProject
Project("{FAE04EC0-301F-11D3-BF4B-00C04F79EFBC}") = "Brotli", "CompressionProviders\Brotli\Brotli.csproj", "{3C458489-D11A-423A-8812-012FD2BDC269}"
EndProject
Project("{FAE04EC0-301F-11D3-BF4B-00C04F79EFBC}") = "Deflate", "CompressionProviders\Deflate\Deflate.csproj", "{9E87DC39-22B1-412F-AD55-459E483CE0BB}"
EndProject
Project("{FAE04EC0-301F-11D3-BF4B-00C04F79EFBC}") = "ZLib", "CompressionProviders\ZLib\ZLib.csproj", "{19CD3AB6-6E7C-4600-9AC6-C31218AACFB3}"
EndProject
Project("{2150E333-8FDC-42A3-9474-1A3956D46DE8}") = "EncryptionProviders", "EncryptionProviders", "{4F9D9A37-3A0C-C5BE-1E84-3E7545A1B438}"
EndProject
Project("{FAE04EC0-301F-11D3-BF4B-00C04F79EFBC}") = "Aes", "EncryptionProviders\Aes\Aes.csproj", "{188A4827-41AA-4B1D-9D2F-51F4B041B690}"
EndProject
Project("{2150E333-8FDC-42A3-9474-1A3956D46DE8}") = "SerializationProviders", "SerializationProviders", "{89B3F177-2F5E-9EC5-D077-D85519778F0C}"
EndProject
Project("{FAE04EC0-301F-11D3-BF4B-00C04F79EFBC}") = "SystemTextJson", "SerializationProviders\SystemTextJson\SystemTextJson.csproj", "{D9C25568-8C4F-44B0-BFF7-67FE8D07DD34}"
EndProject
Project("{FAE04EC0-301F-11D3-BF4B-00C04F79EFBC}") = "NewtonsoftJson", "SerializationProviders\NewtonsoftJson\NewtonsoftJson.csproj", "{482A68E3-4A91-43EE-ABAD-B073EE6D0F93}"
EndProject
Project("{2150E333-8FDC-42A3-9474-1A3956D46DE8}") = "FileSystemProviders", "FileSystemProviders", "{4AA88E5F-6662-9E94-9A01-6374ED48834D}"
EndProject
Project("{FAE04EC0-301F-11D3-BF4B-00C04F79EFBC}") = "Native", "FileSystemProviders\Native\Native.csproj", "{C7193BF4-57A9-4042-A1AF-EFD86E073C7A}"
EndProject
Project("{2150E333-8FDC-42A3-9474-1A3956D46DE8}") = "ObfuscationProviders", "ObfuscationProviders", "{3F153BC2-C91F-9F62-BB9E-2B2FB1F48B01}"
EndProject
Project("{FAE04EC0-301F-11D3-BF4B-00C04F79EFBC}") = "Base64", "ObfuscationProviders\Base64\Base64.csproj", "{D5DB55D1-C8BA-401A-A509-27988F3EF211}"
EndProject
Project("{FAE04EC0-301F-11D3-BF4B-00C04F79EFBC}") = "Hex", "ObfuscationProviders\Hex\Hex.csproj", "{EC4E4156-C7D0-46E9-A58B-6E5670C12DAA}"
EndProject
Project("{2150E333-8FDC-42A3-9474-1A3956D46DE8}") = "EncodingProviders", "EncodingProviders", "{0452F02D-1225-FDFD-7B87-A8D5D8B67CD2}"
EndProject
Project("{FAE04EC0-301F-11D3-BF4B-00C04F79EFBC}") = "Base64", "EncodingProviders\Base64\Base64.csproj", "{F4712A61-4DC7-4E42-8CDA-1ECD86460359}"
EndProject
Project("{FAE04EC0-301F-11D3-BF4B-00C04F79EFBC}") = "Hex", "EncodingProviders\Hex\Hex.csproj", "{7608C691-7D21-4747-B042-CB21062A0780}"
EndProject
Project("{2150E333-8FDC-42A3-9474-1A3956D46DE8}") = "ConfigurationProviders", "ConfigurationProviders", "{8591B607-85C4-7281-F2D9-E7CB135B7177}"
EndProject
Project("{FAE04EC0-301F-11D3-BF4B-00C04F79EFBC}") = "Json", "ConfigurationProviders\Json\Json.csproj", "{B09B6930-22ED-4975-8AFE-1E85F4406F07}"
EndProject
Project("{FAE04EC0-301F-11D3-BF4B-00C04F79EFBC}") = "Toml", "ConfigurationProviders\Toml\Toml.csproj", "{98C45584-BED5-4A64-A07E-DB31B56E8D5F}"
EndProject
Project("{FAE04EC0-301F-11D3-BF4B-00C04F79EFBC}") = "Yaml", "ConfigurationProviders\Yaml\Yaml.csproj", "{8E71E2FB-3D82-4138-9656-9DF38843A9CB}"
EndProject
Project("{2150E333-8FDC-42A3-9474-1A3956D46DE8}") = "CommandExecutors", "CommandExecutors", "{C81FEFF8-D749-AF91-0C1B-EC93270B12B3}"
EndProject
Project("{FAE04EC0-301F-11D3-BF4B-00C04F79EFBC}") = "Native", "CommandExecutors\Native\Native.csproj", "{A1905899-7D43-4958-8978-E4230C68E2DF}"
EndProject
Project("{2150E333-8FDC-42A3-9474-1A3956D46DE8}") = "LoggingProviders", "LoggingProviders", "{4A416FE8-E053-1292-E978-1ED98D4097C6}"
EndProject
Project("{FAE04EC0-301F-11D3-BF4B-00C04F79EFBC}") = "Console", "LoggingProviders\Console\Console.csproj", "{92ECE7D4-F9D6-496B-9572-D82952A04FDE}"
EndProject
Project("{2150E333-8FDC-42A3-9474-1A3956D46DE8}") = "CacheProviders", "CacheProviders", "{4447266E-9C6F-9FA6-A797-CC9BD21BE1D9}"
EndProject
Project("{FAE04EC0-301F-11D3-BF4B-00C04F79EFBC}") = "InMemory", "CacheProviders\InMemory\InMemory.csproj", "{142803E0-3E43-4680-AC74-D16BB8D850AD}"
EndProject
Project("{2150E333-8FDC-42A3-9474-1A3956D46DE8}") = "NavigationProviders", "NavigationProviders", "{661CAC8D-C69A-F468-CCAA-FAB0B7D1E366}"
EndProject
Project("{FAE04EC0-301F-11D3-BF4B-00C04F79EFBC}") = "InMemory", "NavigationProviders\InMemory\InMemory.csproj", "{48F3DF7B-07DD-477B-975B-63D75AF8F65A}"
EndProject
Project("{2150E333-8FDC-42A3-9474-1A3956D46DE8}") = "PersistenceProviders", "PersistenceProviders", "{4E27AAAE-8295-6263-20B4-1651839E6C8B}"
EndProject
Project("{FAE04EC0-301F-11D3-BF4B-00C04F79EFBC}") = "InMemory", "PersistenceProviders\InMemory\InMemory.csproj", "{E7252819-F6A6-4485-92B7-2A3A6CCACB6A}"
EndProject
Project("{FAE04EC0-301F-11D3-BF4B-00C04F79EFBC}") = "Common.Tests", "Common.Tests\Common.Tests.csproj", "{C331DDE2-C46E-472E-B2DA-066EF22A84B0}"
EndProject
Global
	GlobalSection(SolutionConfigurationPlatforms) = preSolution
		Debug|Any CPU = Debug|Any CPU
		Debug|x64 = Debug|x64
		Debug|x86 = Debug|x86
		Release|Any CPU = Release|Any CPU
		Release|x64 = Release|x64
		Release|x86 = Release|x86
	EndGlobalSection
	GlobalSection(ProjectConfigurationPlatforms) = postSolution
		{5C11CBC3-7CD2-C0CE-516D-4CA9B8BEADAC}.Debug|Any CPU.ActiveCfg = Debug|Any CPU
		{5C11CBC3-7CD2-C0CE-516D-4CA9B8BEADAC}.Debug|Any CPU.Build.0 = Debug|Any CPU
		{5C11CBC3-7CD2-C0CE-516D-4CA9B8BEADAC}.Debug|x64.ActiveCfg = Debug|Any CPU
		{5C11CBC3-7CD2-C0CE-516D-4CA9B8BEADAC}.Debug|x64.Build.0 = Debug|Any CPU
		{5C11CBC3-7CD2-C0CE-516D-4CA9B8BEADAC}.Debug|x86.ActiveCfg = Debug|Any CPU
		{5C11CBC3-7CD2-C0CE-516D-4CA9B8BEADAC}.Debug|x86.Build.0 = Debug|Any CPU
		{5C11CBC3-7CD2-C0CE-516D-4CA9B8BEADAC}.Release|Any CPU.ActiveCfg = Release|Any CPU
		{5C11CBC3-7CD2-C0CE-516D-4CA9B8BEADAC}.Release|Any CPU.Build.0 = Release|Any CPU
		{5C11CBC3-7CD2-C0CE-516D-4CA9B8BEADAC}.Release|x64.ActiveCfg = Release|Any CPU
		{5C11CBC3-7CD2-C0CE-516D-4CA9B8BEADAC}.Release|x64.Build.0 = Release|Any CPU
		{5C11CBC3-7CD2-C0CE-516D-4CA9B8BEADAC}.Release|x86.ActiveCfg = Release|Any CPU
		{5C11CBC3-7CD2-C0CE-516D-4CA9B8BEADAC}.Release|x86.Build.0 = Release|Any CPU
		{E1DACF73-A66D-4D7B-BE58-085FFF71B602}.Debug|Any CPU.ActiveCfg = Debug|Any CPU
		{E1DACF73-A66D-4D7B-BE58-085FFF71B602}.Debug|Any CPU.Build.0 = Debug|Any CPU
		{E1DACF73-A66D-4D7B-BE58-085FFF71B602}.Debug|x64.ActiveCfg = Debug|Any CPU
		{E1DACF73-A66D-4D7B-BE58-085FFF71B602}.Debug|x64.Build.0 = Debug|Any CPU
		{E1DACF73-A66D-4D7B-BE58-085FFF71B602}.Debug|x86.ActiveCfg = Debug|Any CPU
		{E1DACF73-A66D-4D7B-BE58-085FFF71B602}.Debug|x86.Build.0 = Debug|Any CPU
		{E1DACF73-A66D-4D7B-BE58-085FFF71B602}.Release|Any CPU.ActiveCfg = Release|Any CPU
		{E1DACF73-A66D-4D7B-BE58-085FFF71B602}.Release|Any CPU.Build.0 = Release|Any CPU
		{E1DACF73-A66D-4D7B-BE58-085FFF71B602}.Release|x64.ActiveCfg = Release|Any CPU
		{E1DACF73-A66D-4D7B-BE58-085FFF71B602}.Release|x64.Build.0 = Release|Any CPU
		{E1DACF73-A66D-4D7B-BE58-085FFF71B602}.Release|x86.ActiveCfg = Release|Any CPU
		{E1DACF73-A66D-4D7B-BE58-085FFF71B602}.Release|x86.Build.0 = Release|Any CPU
		{B26224FE-8F7C-47A4-9C94-F52FB38752C9}.Debug|Any CPU.ActiveCfg = Debug|Any CPU
		{B26224FE-8F7C-47A4-9C94-F52FB38752C9}.Debug|Any CPU.Build.0 = Debug|Any CPU
		{B26224FE-8F7C-47A4-9C94-F52FB38752C9}.Debug|x64.ActiveCfg = Debug|Any CPU
		{B26224FE-8F7C-47A4-9C94-F52FB38752C9}.Debug|x64.Build.0 = Debug|Any CPU
		{B26224FE-8F7C-47A4-9C94-F52FB38752C9}.Debug|x86.ActiveCfg = Debug|Any CPU
		{B26224FE-8F7C-47A4-9C94-F52FB38752C9}.Debug|x86.Build.0 = Debug|Any CPU
		{B26224FE-8F7C-47A4-9C94-F52FB38752C9}.Release|Any CPU.ActiveCfg = Release|Any CPU
		{B26224FE-8F7C-47A4-9C94-F52FB38752C9}.Release|Any CPU.Build.0 = Release|Any CPU
		{B26224FE-8F7C-47A4-9C94-F52FB38752C9}.Release|x64.ActiveCfg = Release|Any CPU
		{B26224FE-8F7C-47A4-9C94-F52FB38752C9}.Release|x64.Build.0 = Release|Any CPU
		{B26224FE-8F7C-47A4-9C94-F52FB38752C9}.Release|x86.ActiveCfg = Release|Any CPU
		{B26224FE-8F7C-47A4-9C94-F52FB38752C9}.Release|x86.Build.0 = Release|Any CPU
		{1D85B5E7-E802-41E3-AD13-8B004C7F6070}.Debug|Any CPU.ActiveCfg = Debug|Any CPU
		{1D85B5E7-E802-41E3-AD13-8B004C7F6070}.Debug|Any CPU.Build.0 = Debug|Any CPU
		{1D85B5E7-E802-41E3-AD13-8B004C7F6070}.Debug|x64.ActiveCfg = Debug|Any CPU
		{1D85B5E7-E802-41E3-AD13-8B004C7F6070}.Debug|x64.Build.0 = Debug|Any CPU
		{1D85B5E7-E802-41E3-AD13-8B004C7F6070}.Debug|x86.ActiveCfg = Debug|Any CPU
		{1D85B5E7-E802-41E3-AD13-8B004C7F6070}.Debug|x86.Build.0 = Debug|Any CPU
		{1D85B5E7-E802-41E3-AD13-8B004C7F6070}.Release|Any CPU.ActiveCfg = Release|Any CPU
		{1D85B5E7-E802-41E3-AD13-8B004C7F6070}.Release|Any CPU.Build.0 = Release|Any CPU
		{1D85B5E7-E802-41E3-AD13-8B004C7F6070}.Release|x64.ActiveCfg = Release|Any CPU
		{1D85B5E7-E802-41E3-AD13-8B004C7F6070}.Release|x64.Build.0 = Release|Any CPU
		{1D85B5E7-E802-41E3-AD13-8B004C7F6070}.Release|x86.ActiveCfg = Release|Any CPU
		{1D85B5E7-E802-41E3-AD13-8B004C7F6070}.Release|x86.Build.0 = Release|Any CPU
		{C881A999-150F-48C1-B780-E1999DC03DE6}.Debug|Any CPU.ActiveCfg = Debug|Any CPU
		{C881A999-150F-48C1-B780-E1999DC03DE6}.Debug|Any CPU.Build.0 = Debug|Any CPU
		{C881A999-150F-48C1-B780-E1999DC03DE6}.Debug|x64.ActiveCfg = Debug|Any CPU
		{C881A999-150F-48C1-B780-E1999DC03DE6}.Debug|x64.Build.0 = Debug|Any CPU
		{C881A999-150F-48C1-B780-E1999DC03DE6}.Debug|x86.ActiveCfg = Debug|Any CPU
		{C881A999-150F-48C1-B780-E1999DC03DE6}.Debug|x86.Build.0 = Debug|Any CPU
		{C881A999-150F-48C1-B780-E1999DC03DE6}.Release|Any CPU.ActiveCfg = Release|Any CPU
		{C881A999-150F-48C1-B780-E1999DC03DE6}.Release|Any CPU.Build.0 = Release|Any CPU
		{C881A999-150F-48C1-B780-E1999DC03DE6}.Release|x64.ActiveCfg = Release|Any CPU
		{C881A999-150F-48C1-B780-E1999DC03DE6}.Release|x64.Build.0 = Release|Any CPU
		{C881A999-150F-48C1-B780-E1999DC03DE6}.Release|x86.ActiveCfg = Release|Any CPU
		{C881A999-150F-48C1-B780-E1999DC03DE6}.Release|x86.Build.0 = Release|Any CPU
		{65C629FE-D729-4234-96F1-5498992F440F}.Debug|Any CPU.ActiveCfg = Debug|Any CPU
		{65C629FE-D729-4234-96F1-5498992F440F}.Debug|Any CPU.Build.0 = Debug|Any CPU
		{65C629FE-D729-4234-96F1-5498992F440F}.Debug|x64.ActiveCfg = Debug|Any CPU
		{65C629FE-D729-4234-96F1-5498992F440F}.Debug|x64.Build.0 = Debug|Any CPU
		{65C629FE-D729-4234-96F1-5498992F440F}.Debug|x86.ActiveCfg = Debug|Any CPU
		{65C629FE-D729-4234-96F1-5498992F440F}.Debug|x86.Build.0 = Debug|Any CPU
		{65C629FE-D729-4234-96F1-5498992F440F}.Release|Any CPU.ActiveCfg = Release|Any CPU
		{65C629FE-D729-4234-96F1-5498992F440F}.Release|Any CPU.Build.0 = Release|Any CPU
		{65C629FE-D729-4234-96F1-5498992F440F}.Release|x64.ActiveCfg = Release|Any CPU
		{65C629FE-D729-4234-96F1-5498992F440F}.Release|x64.Build.0 = Release|Any CPU
		{65C629FE-D729-4234-96F1-5498992F440F}.Release|x86.ActiveCfg = Release|Any CPU
		{65C629FE-D729-4234-96F1-5498992F440F}.Release|x86.Build.0 = Release|Any CPU
		{7E7BAEF6-7288-49FA-91B1-670E4A89F93B}.Debug|Any CPU.ActiveCfg = Debug|Any CPU
		{7E7BAEF6-7288-49FA-91B1-670E4A89F93B}.Debug|Any CPU.Build.0 = Debug|Any CPU
		{7E7BAEF6-7288-49FA-91B1-670E4A89F93B}.Debug|x64.ActiveCfg = Debug|Any CPU
		{7E7BAEF6-7288-49FA-91B1-670E4A89F93B}.Debug|x64.Build.0 = Debug|Any CPU
		{7E7BAEF6-7288-49FA-91B1-670E4A89F93B}.Debug|x86.ActiveCfg = Debug|Any CPU
		{7E7BAEF6-7288-49FA-91B1-670E4A89F93B}.Debug|x86.Build.0 = Debug|Any CPU
		{7E7BAEF6-7288-49FA-91B1-670E4A89F93B}.Release|Any CPU.ActiveCfg = Release|Any CPU
		{7E7BAEF6-7288-49FA-91B1-670E4A89F93B}.Release|Any CPU.Build.0 = Release|Any CPU
		{7E7BAEF6-7288-49FA-91B1-670E4A89F93B}.Release|x64.ActiveCfg = Release|Any CPU
		{7E7BAEF6-7288-49FA-91B1-670E4A89F93B}.Release|x64.Build.0 = Release|Any CPU
		{7E7BAEF6-7288-49FA-91B1-670E4A89F93B}.Release|x86.ActiveCfg = Release|Any CPU
		{7E7BAEF6-7288-49FA-91B1-670E4A89F93B}.Release|x86.Build.0 = Release|Any CPU
		{8B7672C5-3990-4A6D-9A2B-B7F51CF89CA7}.Debug|Any CPU.ActiveCfg = Debug|Any CPU
		{8B7672C5-3990-4A6D-9A2B-B7F51CF89CA7}.Debug|Any CPU.Build.0 = Debug|Any CPU
		{8B7672C5-3990-4A6D-9A2B-B7F51CF89CA7}.Debug|x64.ActiveCfg = Debug|Any CPU
		{8B7672C5-3990-4A6D-9A2B-B7F51CF89CA7}.Debug|x64.Build.0 = Debug|Any CPU
		{8B7672C5-3990-4A6D-9A2B-B7F51CF89CA7}.Debug|x86.ActiveCfg = Debug|Any CPU
		{8B7672C5-3990-4A6D-9A2B-B7F51CF89CA7}.Debug|x86.Build.0 = Debug|Any CPU
		{8B7672C5-3990-4A6D-9A2B-B7F51CF89CA7}.Release|Any CPU.ActiveCfg = Release|Any CPU
		{8B7672C5-3990-4A6D-9A2B-B7F51CF89CA7}.Release|Any CPU.Build.0 = Release|Any CPU
		{8B7672C5-3990-4A6D-9A2B-B7F51CF89CA7}.Release|x64.ActiveCfg = Release|Any CPU
		{8B7672C5-3990-4A6D-9A2B-B7F51CF89CA7}.Release|x64.Build.0 = Release|Any CPU
		{8B7672C5-3990-4A6D-9A2B-B7F51CF89CA7}.Release|x86.ActiveCfg = Release|Any CPU
		{8B7672C5-3990-4A6D-9A2B-B7F51CF89CA7}.Release|x86.Build.0 = Release|Any CPU
		{2CFF0F1D-8A47-48B7-A1E5-F809C8321CE2}.Debug|Any CPU.ActiveCfg = Debug|Any CPU
		{2CFF0F1D-8A47-48B7-A1E5-F809C8321CE2}.Debug|Any CPU.Build.0 = Debug|Any CPU
		{2CFF0F1D-8A47-48B7-A1E5-F809C8321CE2}.Debug|x64.ActiveCfg = Debug|Any CPU
		{2CFF0F1D-8A47-48B7-A1E5-F809C8321CE2}.Debug|x64.Build.0 = Debug|Any CPU
		{2CFF0F1D-8A47-48B7-A1E5-F809C8321CE2}.Debug|x86.ActiveCfg = Debug|Any CPU
		{2CFF0F1D-8A47-48B7-A1E5-F809C8321CE2}.Debug|x86.Build.0 = Debug|Any CPU
		{2CFF0F1D-8A47-48B7-A1E5-F809C8321CE2}.Release|Any CPU.ActiveCfg = Release|Any CPU
		{2CFF0F1D-8A47-48B7-A1E5-F809C8321CE2}.Release|Any CPU.Build.0 = Release|Any CPU
		{2CFF0F1D-8A47-48B7-A1E5-F809C8321CE2}.Release|x64.ActiveCfg = Release|Any CPU
		{2CFF0F1D-8A47-48B7-A1E5-F809C8321CE2}.Release|x64.Build.0 = Release|Any CPU
		{2CFF0F1D-8A47-48B7-A1E5-F809C8321CE2}.Release|x86.ActiveCfg = Release|Any CPU
		{2CFF0F1D-8A47-48B7-A1E5-F809C8321CE2}.Release|x86.Build.0 = Release|Any CPU
		{77B80A03-4BCC-4F09-A282-0116EA6DB454}.Debug|Any CPU.ActiveCfg = Debug|Any CPU
		{77B80A03-4BCC-4F09-A282-0116EA6DB454}.Debug|Any CPU.Build.0 = Debug|Any CPU
		{77B80A03-4BCC-4F09-A282-0116EA6DB454}.Debug|x64.ActiveCfg = Debug|Any CPU
		{77B80A03-4BCC-4F09-A282-0116EA6DB454}.Debug|x64.Build.0 = Debug|Any CPU
		{77B80A03-4BCC-4F09-A282-0116EA6DB454}.Debug|x86.ActiveCfg = Debug|Any CPU
		{77B80A03-4BCC-4F09-A282-0116EA6DB454}.Debug|x86.Build.0 = Debug|Any CPU
		{77B80A03-4BCC-4F09-A282-0116EA6DB454}.Release|Any CPU.ActiveCfg = Release|Any CPU
		{77B80A03-4BCC-4F09-A282-0116EA6DB454}.Release|Any CPU.Build.0 = Release|Any CPU
		{77B80A03-4BCC-4F09-A282-0116EA6DB454}.Release|x64.ActiveCfg = Release|Any CPU
		{77B80A03-4BCC-4F09-A282-0116EA6DB454}.Release|x64.Build.0 = Release|Any CPU
		{77B80A03-4BCC-4F09-A282-0116EA6DB454}.Release|x86.ActiveCfg = Release|Any CPU
		{77B80A03-4BCC-4F09-A282-0116EA6DB454}.Release|x86.Build.0 = Release|Any CPU
		{8B981684-D898-466B-9A4C-983663E69E30}.Debug|Any CPU.ActiveCfg = Debug|Any CPU
		{8B981684-D898-466B-9A4C-983663E69E30}.Debug|Any CPU.Build.0 = Debug|Any CPU
		{8B981684-D898-466B-9A4C-983663E69E30}.Debug|x64.ActiveCfg = Debug|Any CPU
		{8B981684-D898-466B-9A4C-983663E69E30}.Debug|x64.Build.0 = Debug|Any CPU
		{8B981684-D898-466B-9A4C-983663E69E30}.Debug|x86.ActiveCfg = Debug|Any CPU
		{8B981684-D898-466B-9A4C-983663E69E30}.Debug|x86.Build.0 = Debug|Any CPU
		{8B981684-D898-466B-9A4C-983663E69E30}.Release|Any CPU.ActiveCfg = Release|Any CPU
		{8B981684-D898-466B-9A4C-983663E69E30}.Release|Any CPU.Build.0 = Release|Any CPU
		{8B981684-D898-466B-9A4C-983663E69E30}.Release|x64.ActiveCfg = Release|Any CPU
		{8B981684-D898-466B-9A4C-983663E69E30}.Release|x64.Build.0 = Release|Any CPU
		{8B981684-D898-466B-9A4C-983663E69E30}.Release|x86.ActiveCfg = Release|Any CPU
		{8B981684-D898-466B-9A4C-983663E69E30}.Release|x86.Build.0 = Release|Any CPU
		{644A68E6-61BC-469C-92B1-5F7C56BCBBE5}.Debug|Any CPU.ActiveCfg = Debug|Any CPU
		{644A68E6-61BC-469C-92B1-5F7C56BCBBE5}.Debug|Any CPU.Build.0 = Debug|Any CPU
		{644A68E6-61BC-469C-92B1-5F7C56BCBBE5}.Debug|x64.ActiveCfg = Debug|Any CPU
		{644A68E6-61BC-469C-92B1-5F7C56BCBBE5}.Debug|x64.Build.0 = Debug|Any CPU
		{644A68E6-61BC-469C-92B1-5F7C56BCBBE5}.Debug|x86.ActiveCfg = Debug|Any CPU
		{644A68E6-61BC-469C-92B1-5F7C56BCBBE5}.Debug|x86.Build.0 = Debug|Any CPU
		{644A68E6-61BC-469C-92B1-5F7C56BCBBE5}.Release|Any CPU.ActiveCfg = Release|Any CPU
		{644A68E6-61BC-469C-92B1-5F7C56BCBBE5}.Release|Any CPU.Build.0 = Release|Any CPU
		{644A68E6-61BC-469C-92B1-5F7C56BCBBE5}.Release|x64.ActiveCfg = Release|Any CPU
		{644A68E6-61BC-469C-92B1-5F7C56BCBBE5}.Release|x64.Build.0 = Release|Any CPU
		{644A68E6-61BC-469C-92B1-5F7C56BCBBE5}.Release|x86.ActiveCfg = Release|Any CPU
		{644A68E6-61BC-469C-92B1-5F7C56BCBBE5}.Release|x86.Build.0 = Release|Any CPU
		{9AC8919D-90FF-420F-9118-6E48858E4151}.Debug|Any CPU.ActiveCfg = Debug|Any CPU
		{9AC8919D-90FF-420F-9118-6E48858E4151}.Debug|Any CPU.Build.0 = Debug|Any CPU
		{9AC8919D-90FF-420F-9118-6E48858E4151}.Debug|x64.ActiveCfg = Debug|Any CPU
		{9AC8919D-90FF-420F-9118-6E48858E4151}.Debug|x64.Build.0 = Debug|Any CPU
		{9AC8919D-90FF-420F-9118-6E48858E4151}.Debug|x86.ActiveCfg = Debug|Any CPU
		{9AC8919D-90FF-420F-9118-6E48858E4151}.Debug|x86.Build.0 = Debug|Any CPU
		{9AC8919D-90FF-420F-9118-6E48858E4151}.Release|Any CPU.ActiveCfg = Release|Any CPU
		{9AC8919D-90FF-420F-9118-6E48858E4151}.Release|Any CPU.Build.0 = Release|Any CPU
		{9AC8919D-90FF-420F-9118-6E48858E4151}.Release|x64.ActiveCfg = Release|Any CPU
		{9AC8919D-90FF-420F-9118-6E48858E4151}.Release|x64.Build.0 = Release|Any CPU
		{9AC8919D-90FF-420F-9118-6E48858E4151}.Release|x86.ActiveCfg = Release|Any CPU
		{9AC8919D-90FF-420F-9118-6E48858E4151}.Release|x86.Build.0 = Release|Any CPU
		{1E1C5291-454A-4D38-A022-11FC66B6A0D0}.Debug|Any CPU.ActiveCfg = Debug|Any CPU
		{1E1C5291-454A-4D38-A022-11FC66B6A0D0}.Debug|Any CPU.Build.0 = Debug|Any CPU
		{1E1C5291-454A-4D38-A022-11FC66B6A0D0}.Debug|x64.ActiveCfg = Debug|Any CPU
		{1E1C5291-454A-4D38-A022-11FC66B6A0D0}.Debug|x64.Build.0 = Debug|Any CPU
		{1E1C5291-454A-4D38-A022-11FC66B6A0D0}.Debug|x86.ActiveCfg = Debug|Any CPU
		{1E1C5291-454A-4D38-A022-11FC66B6A0D0}.Debug|x86.Build.0 = Debug|Any CPU
		{1E1C5291-454A-4D38-A022-11FC66B6A0D0}.Release|Any CPU.ActiveCfg = Release|Any CPU
		{1E1C5291-454A-4D38-A022-11FC66B6A0D0}.Release|Any CPU.Build.0 = Release|Any CPU
		{1E1C5291-454A-4D38-A022-11FC66B6A0D0}.Release|x64.ActiveCfg = Release|Any CPU
		{1E1C5291-454A-4D38-A022-11FC66B6A0D0}.Release|x64.Build.0 = Release|Any CPU
		{1E1C5291-454A-4D38-A022-11FC66B6A0D0}.Release|x86.ActiveCfg = Release|Any CPU
		{1E1C5291-454A-4D38-A022-11FC66B6A0D0}.Release|x86.Build.0 = Release|Any CPU
		{C29E305F-7173-4E47-AD38-12435C8AC1D1}.Debug|Any CPU.ActiveCfg = Debug|Any CPU
		{C29E305F-7173-4E47-AD38-12435C8AC1D1}.Debug|Any CPU.Build.0 = Debug|Any CPU
		{C29E305F-7173-4E47-AD38-12435C8AC1D1}.Debug|x64.ActiveCfg = Debug|Any CPU
		{C29E305F-7173-4E47-AD38-12435C8AC1D1}.Debug|x64.Build.0 = Debug|Any CPU
		{C29E305F-7173-4E47-AD38-12435C8AC1D1}.Debug|x86.ActiveCfg = Debug|Any CPU
		{C29E305F-7173-4E47-AD38-12435C8AC1D1}.Debug|x86.Build.0 = Debug|Any CPU
		{C29E305F-7173-4E47-AD38-12435C8AC1D1}.Release|Any CPU.ActiveCfg = Release|Any CPU
		{C29E305F-7173-4E47-AD38-12435C8AC1D1}.Release|Any CPU.Build.0 = Release|Any CPU
		{C29E305F-7173-4E47-AD38-12435C8AC1D1}.Release|x64.ActiveCfg = Release|Any CPU
		{C29E305F-7173-4E47-AD38-12435C8AC1D1}.Release|x64.Build.0 = Release|Any CPU
		{C29E305F-7173-4E47-AD38-12435C8AC1D1}.Release|x86.ActiveCfg = Release|Any CPU
		{C29E305F-7173-4E47-AD38-12435C8AC1D1}.Release|x86.Build.0 = Release|Any CPU
		{4342C0D7-CB7D-4C7A-B523-8CD88B4F7936}.Debug|Any CPU.ActiveCfg = Debug|Any CPU
		{4342C0D7-CB7D-4C7A-B523-8CD88B4F7936}.Debug|Any CPU.Build.0 = Debug|Any CPU
		{4342C0D7-CB7D-4C7A-B523-8CD88B4F7936}.Debug|x64.ActiveCfg = Debug|Any CPU
		{4342C0D7-CB7D-4C7A-B523-8CD88B4F7936}.Debug|x64.Build.0 = Debug|Any CPU
		{4342C0D7-CB7D-4C7A-B523-8CD88B4F7936}.Debug|x86.ActiveCfg = Debug|Any CPU
		{4342C0D7-CB7D-4C7A-B523-8CD88B4F7936}.Debug|x86.Build.0 = Debug|Any CPU
		{4342C0D7-CB7D-4C7A-B523-8CD88B4F7936}.Release|Any CPU.ActiveCfg = Release|Any CPU
		{4342C0D7-CB7D-4C7A-B523-8CD88B4F7936}.Release|Any CPU.Build.0 = Release|Any CPU
		{4342C0D7-CB7D-4C7A-B523-8CD88B4F7936}.Release|x64.ActiveCfg = Release|Any CPU
		{4342C0D7-CB7D-4C7A-B523-8CD88B4F7936}.Release|x64.Build.0 = Release|Any CPU
		{4342C0D7-CB7D-4C7A-B523-8CD88B4F7936}.Release|x86.ActiveCfg = Release|Any CPU
		{4342C0D7-CB7D-4C7A-B523-8CD88B4F7936}.Release|x86.Build.0 = Release|Any CPU
		{19749A57-F47D-416B-A6D0-832DDC7C7F6D}.Debug|Any CPU.ActiveCfg = Debug|Any CPU
		{19749A57-F47D-416B-A6D0-832DDC7C7F6D}.Debug|Any CPU.Build.0 = Debug|Any CPU
		{19749A57-F47D-416B-A6D0-832DDC7C7F6D}.Debug|x64.ActiveCfg = Debug|Any CPU
		{19749A57-F47D-416B-A6D0-832DDC7C7F6D}.Debug|x64.Build.0 = Debug|Any CPU
		{19749A57-F47D-416B-A6D0-832DDC7C7F6D}.Debug|x86.ActiveCfg = Debug|Any CPU
		{19749A57-F47D-416B-A6D0-832DDC7C7F6D}.Debug|x86.Build.0 = Debug|Any CPU
		{19749A57-F47D-416B-A6D0-832DDC7C7F6D}.Release|Any CPU.ActiveCfg = Release|Any CPU
		{19749A57-F47D-416B-A6D0-832DDC7C7F6D}.Release|Any CPU.Build.0 = Release|Any CPU
		{19749A57-F47D-416B-A6D0-832DDC7C7F6D}.Release|x64.ActiveCfg = Release|Any CPU
		{19749A57-F47D-416B-A6D0-832DDC7C7F6D}.Release|x64.Build.0 = Release|Any CPU
		{19749A57-F47D-416B-A6D0-832DDC7C7F6D}.Release|x86.ActiveCfg = Release|Any CPU
		{19749A57-F47D-416B-A6D0-832DDC7C7F6D}.Release|x86.Build.0 = Release|Any CPU
		{3C458489-D11A-423A-8812-012FD2BDC269}.Debug|Any CPU.ActiveCfg = Debug|Any CPU
		{3C458489-D11A-423A-8812-012FD2BDC269}.Debug|Any CPU.Build.0 = Debug|Any CPU
		{3C458489-D11A-423A-8812-012FD2BDC269}.Debug|x64.ActiveCfg = Debug|Any CPU
		{3C458489-D11A-423A-8812-012FD2BDC269}.Debug|x64.Build.0 = Debug|Any CPU
		{3C458489-D11A-423A-8812-012FD2BDC269}.Debug|x86.ActiveCfg = Debug|Any CPU
		{3C458489-D11A-423A-8812-012FD2BDC269}.Debug|x86.Build.0 = Debug|Any CPU
		{3C458489-D11A-423A-8812-012FD2BDC269}.Release|Any CPU.ActiveCfg = Release|Any CPU
		{3C458489-D11A-423A-8812-012FD2BDC269}.Release|Any CPU.Build.0 = Release|Any CPU
		{3C458489-D11A-423A-8812-012FD2BDC269}.Release|x64.ActiveCfg = Release|Any CPU
		{3C458489-D11A-423A-8812-012FD2BDC269}.Release|x64.Build.0 = Release|Any CPU
		{3C458489-D11A-423A-8812-012FD2BDC269}.Release|x86.ActiveCfg = Release|Any CPU
		{3C458489-D11A-423A-8812-012FD2BDC269}.Release|x86.Build.0 = Release|Any CPU
		{9E87DC39-22B1-412F-AD55-459E483CE0BB}.Debug|Any CPU.ActiveCfg = Debug|Any CPU
		{9E87DC39-22B1-412F-AD55-459E483CE0BB}.Debug|Any CPU.Build.0 = Debug|Any CPU
		{9E87DC39-22B1-412F-AD55-459E483CE0BB}.Debug|x64.ActiveCfg = Debug|Any CPU
		{9E87DC39-22B1-412F-AD55-459E483CE0BB}.Debug|x64.Build.0 = Debug|Any CPU
		{9E87DC39-22B1-412F-AD55-459E483CE0BB}.Debug|x86.ActiveCfg = Debug|Any CPU
		{9E87DC39-22B1-412F-AD55-459E483CE0BB}.Debug|x86.Build.0 = Debug|Any CPU
		{9E87DC39-22B1-412F-AD55-459E483CE0BB}.Release|Any CPU.ActiveCfg = Release|Any CPU
		{9E87DC39-22B1-412F-AD55-459E483CE0BB}.Release|Any CPU.Build.0 = Release|Any CPU
		{9E87DC39-22B1-412F-AD55-459E483CE0BB}.Release|x64.ActiveCfg = Release|Any CPU
		{9E87DC39-22B1-412F-AD55-459E483CE0BB}.Release|x64.Build.0 = Release|Any CPU
		{9E87DC39-22B1-412F-AD55-459E483CE0BB}.Release|x86.ActiveCfg = Release|Any CPU
		{9E87DC39-22B1-412F-AD55-459E483CE0BB}.Release|x86.Build.0 = Release|Any CPU
		{19CD3AB6-6E7C-4600-9AC6-C31218AACFB3}.Debug|Any CPU.ActiveCfg = Debug|Any CPU
		{19CD3AB6-6E7C-4600-9AC6-C31218AACFB3}.Debug|Any CPU.Build.0 = Debug|Any CPU
		{19CD3AB6-6E7C-4600-9AC6-C31218AACFB3}.Debug|x64.ActiveCfg = Debug|Any CPU
		{19CD3AB6-6E7C-4600-9AC6-C31218AACFB3}.Debug|x64.Build.0 = Debug|Any CPU
		{19CD3AB6-6E7C-4600-9AC6-C31218AACFB3}.Debug|x86.ActiveCfg = Debug|Any CPU
		{19CD3AB6-6E7C-4600-9AC6-C31218AACFB3}.Debug|x86.Build.0 = Debug|Any CPU
		{19CD3AB6-6E7C-4600-9AC6-C31218AACFB3}.Release|Any CPU.ActiveCfg = Release|Any CPU
		{19CD3AB6-6E7C-4600-9AC6-C31218AACFB3}.Release|Any CPU.Build.0 = Release|Any CPU
		{19CD3AB6-6E7C-4600-9AC6-C31218AACFB3}.Release|x64.ActiveCfg = Release|Any CPU
		{19CD3AB6-6E7C-4600-9AC6-C31218AACFB3}.Release|x64.Build.0 = Release|Any CPU
		{19CD3AB6-6E7C-4600-9AC6-C31218AACFB3}.Release|x86.ActiveCfg = Release|Any CPU
		{19CD3AB6-6E7C-4600-9AC6-C31218AACFB3}.Release|x86.Build.0 = Release|Any CPU
		{188A4827-41AA-4B1D-9D2F-51F4B041B690}.Debug|Any CPU.ActiveCfg = Debug|Any CPU
		{188A4827-41AA-4B1D-9D2F-51F4B041B690}.Debug|Any CPU.Build.0 = Debug|Any CPU
		{188A4827-41AA-4B1D-9D2F-51F4B041B690}.Debug|x64.ActiveCfg = Debug|Any CPU
		{188A4827-41AA-4B1D-9D2F-51F4B041B690}.Debug|x64.Build.0 = Debug|Any CPU
		{188A4827-41AA-4B1D-9D2F-51F4B041B690}.Debug|x86.ActiveCfg = Debug|Any CPU
		{188A4827-41AA-4B1D-9D2F-51F4B041B690}.Debug|x86.Build.0 = Debug|Any CPU
		{188A4827-41AA-4B1D-9D2F-51F4B041B690}.Release|Any CPU.ActiveCfg = Release|Any CPU
		{188A4827-41AA-4B1D-9D2F-51F4B041B690}.Release|Any CPU.Build.0 = Release|Any CPU
		{188A4827-41AA-4B1D-9D2F-51F4B041B690}.Release|x64.ActiveCfg = Release|Any CPU
		{188A4827-41AA-4B1D-9D2F-51F4B041B690}.Release|x64.Build.0 = Release|Any CPU
		{188A4827-41AA-4B1D-9D2F-51F4B041B690}.Release|x86.ActiveCfg = Release|Any CPU
		{188A4827-41AA-4B1D-9D2F-51F4B041B690}.Release|x86.Build.0 = Release|Any CPU
		{D9C25568-8C4F-44B0-BFF7-67FE8D07DD34}.Debug|Any CPU.ActiveCfg = Debug|Any CPU
		{D9C25568-8C4F-44B0-BFF7-67FE8D07DD34}.Debug|Any CPU.Build.0 = Debug|Any CPU
		{D9C25568-8C4F-44B0-BFF7-67FE8D07DD34}.Debug|x64.ActiveCfg = Debug|Any CPU
		{D9C25568-8C4F-44B0-BFF7-67FE8D07DD34}.Debug|x64.Build.0 = Debug|Any CPU
		{D9C25568-8C4F-44B0-BFF7-67FE8D07DD34}.Debug|x86.ActiveCfg = Debug|Any CPU
		{D9C25568-8C4F-44B0-BFF7-67FE8D07DD34}.Debug|x86.Build.0 = Debug|Any CPU
		{D9C25568-8C4F-44B0-BFF7-67FE8D07DD34}.Release|Any CPU.ActiveCfg = Release|Any CPU
		{D9C25568-8C4F-44B0-BFF7-67FE8D07DD34}.Release|Any CPU.Build.0 = Release|Any CPU
		{D9C25568-8C4F-44B0-BFF7-67FE8D07DD34}.Release|x64.ActiveCfg = Release|Any CPU
		{D9C25568-8C4F-44B0-BFF7-67FE8D07DD34}.Release|x64.Build.0 = Release|Any CPU
		{D9C25568-8C4F-44B0-BFF7-67FE8D07DD34}.Release|x86.ActiveCfg = Release|Any CPU
		{D9C25568-8C4F-44B0-BFF7-67FE8D07DD34}.Release|x86.Build.0 = Release|Any CPU
		{482A68E3-4A91-43EE-ABAD-B073EE6D0F93}.Debug|Any CPU.ActiveCfg = Debug|Any CPU
		{482A68E3-4A91-43EE-ABAD-B073EE6D0F93}.Debug|Any CPU.Build.0 = Debug|Any CPU
		{482A68E3-4A91-43EE-ABAD-B073EE6D0F93}.Debug|x64.ActiveCfg = Debug|Any CPU
		{482A68E3-4A91-43EE-ABAD-B073EE6D0F93}.Debug|x64.Build.0 = Debug|Any CPU
		{482A68E3-4A91-43EE-ABAD-B073EE6D0F93}.Debug|x86.ActiveCfg = Debug|Any CPU
		{482A68E3-4A91-43EE-ABAD-B073EE6D0F93}.Debug|x86.Build.0 = Debug|Any CPU
		{482A68E3-4A91-43EE-ABAD-B073EE6D0F93}.Release|Any CPU.ActiveCfg = Release|Any CPU
		{482A68E3-4A91-43EE-ABAD-B073EE6D0F93}.Release|Any CPU.Build.0 = Release|Any CPU
		{482A68E3-4A91-43EE-ABAD-B073EE6D0F93}.Release|x64.ActiveCfg = Release|Any CPU
		{482A68E3-4A91-43EE-ABAD-B073EE6D0F93}.Release|x64.Build.0 = Release|Any CPU
		{482A68E3-4A91-43EE-ABAD-B073EE6D0F93}.Release|x86.ActiveCfg = Release|Any CPU
		{482A68E3-4A91-43EE-ABAD-B073EE6D0F93}.Release|x86.Build.0 = Release|Any CPU
		{C7193BF4-57A9-4042-A1AF-EFD86E073C7A}.Debug|Any CPU.ActiveCfg = Debug|Any CPU
		{C7193BF4-57A9-4042-A1AF-EFD86E073C7A}.Debug|Any CPU.Build.0 = Debug|Any CPU
		{C7193BF4-57A9-4042-A1AF-EFD86E073C7A}.Debug|x64.ActiveCfg = Debug|Any CPU
		{C7193BF4-57A9-4042-A1AF-EFD86E073C7A}.Debug|x64.Build.0 = Debug|Any CPU
		{C7193BF4-57A9-4042-A1AF-EFD86E073C7A}.Debug|x86.ActiveCfg = Debug|Any CPU
		{C7193BF4-57A9-4042-A1AF-EFD86E073C7A}.Debug|x86.Build.0 = Debug|Any CPU
		{C7193BF4-57A9-4042-A1AF-EFD86E073C7A}.Release|Any CPU.ActiveCfg = Release|Any CPU
		{C7193BF4-57A9-4042-A1AF-EFD86E073C7A}.Release|Any CPU.Build.0 = Release|Any CPU
		{C7193BF4-57A9-4042-A1AF-EFD86E073C7A}.Release|x64.ActiveCfg = Release|Any CPU
		{C7193BF4-57A9-4042-A1AF-EFD86E073C7A}.Release|x64.Build.0 = Release|Any CPU
		{C7193BF4-57A9-4042-A1AF-EFD86E073C7A}.Release|x86.ActiveCfg = Release|Any CPU
		{C7193BF4-57A9-4042-A1AF-EFD86E073C7A}.Release|x86.Build.0 = Release|Any CPU
		{D5DB55D1-C8BA-401A-A509-27988F3EF211}.Debug|Any CPU.ActiveCfg = Debug|Any CPU
		{D5DB55D1-C8BA-401A-A509-27988F3EF211}.Debug|Any CPU.Build.0 = Debug|Any CPU
		{D5DB55D1-C8BA-401A-A509-27988F3EF211}.Debug|x64.ActiveCfg = Debug|Any CPU
		{D5DB55D1-C8BA-401A-A509-27988F3EF211}.Debug|x64.Build.0 = Debug|Any CPU
		{D5DB55D1-C8BA-401A-A509-27988F3EF211}.Debug|x86.ActiveCfg = Debug|Any CPU
		{D5DB55D1-C8BA-401A-A509-27988F3EF211}.Debug|x86.Build.0 = Debug|Any CPU
		{D5DB55D1-C8BA-401A-A509-27988F3EF211}.Release|Any CPU.ActiveCfg = Release|Any CPU
		{D5DB55D1-C8BA-401A-A509-27988F3EF211}.Release|Any CPU.Build.0 = Release|Any CPU
		{D5DB55D1-C8BA-401A-A509-27988F3EF211}.Release|x64.ActiveCfg = Release|Any CPU
		{D5DB55D1-C8BA-401A-A509-27988F3EF211}.Release|x64.Build.0 = Release|Any CPU
		{D5DB55D1-C8BA-401A-A509-27988F3EF211}.Release|x86.ActiveCfg = Release|Any CPU
		{D5DB55D1-C8BA-401A-A509-27988F3EF211}.Release|x86.Build.0 = Release|Any CPU
		{EC4E4156-C7D0-46E9-A58B-6E5670C12DAA}.Debug|Any CPU.ActiveCfg = Debug|Any CPU
		{EC4E4156-C7D0-46E9-A58B-6E5670C12DAA}.Debug|Any CPU.Build.0 = Debug|Any CPU
		{EC4E4156-C7D0-46E9-A58B-6E5670C12DAA}.Debug|x64.ActiveCfg = Debug|Any CPU
		{EC4E4156-C7D0-46E9-A58B-6E5670C12DAA}.Debug|x64.Build.0 = Debug|Any CPU
		{EC4E4156-C7D0-46E9-A58B-6E5670C12DAA}.Debug|x86.ActiveCfg = Debug|Any CPU
		{EC4E4156-C7D0-46E9-A58B-6E5670C12DAA}.Debug|x86.Build.0 = Debug|Any CPU
		{EC4E4156-C7D0-46E9-A58B-6E5670C12DAA}.Release|Any CPU.ActiveCfg = Release|Any CPU
		{EC4E4156-C7D0-46E9-A58B-6E5670C12DAA}.Release|Any CPU.Build.0 = Release|Any CPU
		{EC4E4156-C7D0-46E9-A58B-6E5670C12DAA}.Release|x64.ActiveCfg = Release|Any CPU
		{EC4E4156-C7D0-46E9-A58B-6E5670C12DAA}.Release|x64.Build.0 = Release|Any CPU
		{EC4E4156-C7D0-46E9-A58B-6E5670C12DAA}.Release|x86.ActiveCfg = Release|Any CPU
		{EC4E4156-C7D0-46E9-A58B-6E5670C12DAA}.Release|x86.Build.0 = Release|Any CPU
		{F4712A61-4DC7-4E42-8CDA-1ECD86460359}.Debug|Any CPU.ActiveCfg = Debug|Any CPU
		{F4712A61-4DC7-4E42-8CDA-1ECD86460359}.Debug|Any CPU.Build.0 = Debug|Any CPU
		{F4712A61-4DC7-4E42-8CDA-1ECD86460359}.Debug|x64.ActiveCfg = Debug|Any CPU
		{F4712A61-4DC7-4E42-8CDA-1ECD86460359}.Debug|x64.Build.0 = Debug|Any CPU
		{F4712A61-4DC7-4E42-8CDA-1ECD86460359}.Debug|x86.ActiveCfg = Debug|Any CPU
		{F4712A61-4DC7-4E42-8CDA-1ECD86460359}.Debug|x86.Build.0 = Debug|Any CPU
		{F4712A61-4DC7-4E42-8CDA-1ECD86460359}.Release|Any CPU.ActiveCfg = Release|Any CPU
		{F4712A61-4DC7-4E42-8CDA-1ECD86460359}.Release|Any CPU.Build.0 = Release|Any CPU
		{F4712A61-4DC7-4E42-8CDA-1ECD86460359}.Release|x64.ActiveCfg = Release|Any CPU
		{F4712A61-4DC7-4E42-8CDA-1ECD86460359}.Release|x64.Build.0 = Release|Any CPU
		{F4712A61-4DC7-4E42-8CDA-1ECD86460359}.Release|x86.ActiveCfg = Release|Any CPU
		{F4712A61-4DC7-4E42-8CDA-1ECD86460359}.Release|x86.Build.0 = Release|Any CPU
		{7608C691-7D21-4747-B042-CB21062A0780}.Debug|Any CPU.ActiveCfg = Debug|Any CPU
		{7608C691-7D21-4747-B042-CB21062A0780}.Debug|Any CPU.Build.0 = Debug|Any CPU
		{7608C691-7D21-4747-B042-CB21062A0780}.Debug|x64.ActiveCfg = Debug|Any CPU
		{7608C691-7D21-4747-B042-CB21062A0780}.Debug|x64.Build.0 = Debug|Any CPU
		{7608C691-7D21-4747-B042-CB21062A0780}.Debug|x86.ActiveCfg = Debug|Any CPU
		{7608C691-7D21-4747-B042-CB21062A0780}.Debug|x86.Build.0 = Debug|Any CPU
		{7608C691-7D21-4747-B042-CB21062A0780}.Release|Any CPU.ActiveCfg = Release|Any CPU
		{7608C691-7D21-4747-B042-CB21062A0780}.Release|Any CPU.Build.0 = Release|Any CPU
		{7608C691-7D21-4747-B042-CB21062A0780}.Release|x64.ActiveCfg = Release|Any CPU
		{7608C691-7D21-4747-B042-CB21062A0780}.Release|x64.Build.0 = Release|Any CPU
		{7608C691-7D21-4747-B042-CB21062A0780}.Release|x86.ActiveCfg = Release|Any CPU
		{7608C691-7D21-4747-B042-CB21062A0780}.Release|x86.Build.0 = Release|Any CPU
		{B09B6930-22ED-4975-8AFE-1E85F4406F07}.Debug|Any CPU.ActiveCfg = Debug|Any CPU
		{B09B6930-22ED-4975-8AFE-1E85F4406F07}.Debug|Any CPU.Build.0 = Debug|Any CPU
		{B09B6930-22ED-4975-8AFE-1E85F4406F07}.Debug|x64.ActiveCfg = Debug|Any CPU
		{B09B6930-22ED-4975-8AFE-1E85F4406F07}.Debug|x64.Build.0 = Debug|Any CPU
		{B09B6930-22ED-4975-8AFE-1E85F4406F07}.Debug|x86.ActiveCfg = Debug|Any CPU
		{B09B6930-22ED-4975-8AFE-1E85F4406F07}.Debug|x86.Build.0 = Debug|Any CPU
		{B09B6930-22ED-4975-8AFE-1E85F4406F07}.Release|Any CPU.ActiveCfg = Release|Any CPU
		{B09B6930-22ED-4975-8AFE-1E85F4406F07}.Release|Any CPU.Build.0 = Release|Any CPU
		{B09B6930-22ED-4975-8AFE-1E85F4406F07}.Release|x64.ActiveCfg = Release|Any CPU
		{B09B6930-22ED-4975-8AFE-1E85F4406F07}.Release|x64.Build.0 = Release|Any CPU
		{B09B6930-22ED-4975-8AFE-1E85F4406F07}.Release|x86.ActiveCfg = Release|Any CPU
		{B09B6930-22ED-4975-8AFE-1E85F4406F07}.Release|x86.Build.0 = Release|Any CPU
		{98C45584-BED5-4A64-A07E-DB31B56E8D5F}.Debug|Any CPU.ActiveCfg = Debug|Any CPU
		{98C45584-BED5-4A64-A07E-DB31B56E8D5F}.Debug|Any CPU.Build.0 = Debug|Any CPU
		{98C45584-BED5-4A64-A07E-DB31B56E8D5F}.Debug|x64.ActiveCfg = Debug|Any CPU
		{98C45584-BED5-4A64-A07E-DB31B56E8D5F}.Debug|x64.Build.0 = Debug|Any CPU
		{98C45584-BED5-4A64-A07E-DB31B56E8D5F}.Debug|x86.ActiveCfg = Debug|Any CPU
		{98C45584-BED5-4A64-A07E-DB31B56E8D5F}.Debug|x86.Build.0 = Debug|Any CPU
		{98C45584-BED5-4A64-A07E-DB31B56E8D5F}.Release|Any CPU.ActiveCfg = Release|Any CPU
		{98C45584-BED5-4A64-A07E-DB31B56E8D5F}.Release|Any CPU.Build.0 = Release|Any CPU
		{98C45584-BED5-4A64-A07E-DB31B56E8D5F}.Release|x64.ActiveCfg = Release|Any CPU
		{98C45584-BED5-4A64-A07E-DB31B56E8D5F}.Release|x64.Build.0 = Release|Any CPU
		{98C45584-BED5-4A64-A07E-DB31B56E8D5F}.Release|x86.ActiveCfg = Release|Any CPU
		{98C45584-BED5-4A64-A07E-DB31B56E8D5F}.Release|x86.Build.0 = Release|Any CPU
		{8E71E2FB-3D82-4138-9656-9DF38843A9CB}.Debug|Any CPU.ActiveCfg = Debug|Any CPU
		{8E71E2FB-3D82-4138-9656-9DF38843A9CB}.Debug|Any CPU.Build.0 = Debug|Any CPU
		{8E71E2FB-3D82-4138-9656-9DF38843A9CB}.Debug|x64.ActiveCfg = Debug|Any CPU
		{8E71E2FB-3D82-4138-9656-9DF38843A9CB}.Debug|x64.Build.0 = Debug|Any CPU
		{8E71E2FB-3D82-4138-9656-9DF38843A9CB}.Debug|x86.ActiveCfg = Debug|Any CPU
		{8E71E2FB-3D82-4138-9656-9DF38843A9CB}.Debug|x86.Build.0 = Debug|Any CPU
		{8E71E2FB-3D82-4138-9656-9DF38843A9CB}.Release|Any CPU.ActiveCfg = Release|Any CPU
		{8E71E2FB-3D82-4138-9656-9DF38843A9CB}.Release|Any CPU.Build.0 = Release|Any CPU
		{8E71E2FB-3D82-4138-9656-9DF38843A9CB}.Release|x64.ActiveCfg = Release|Any CPU
		{8E71E2FB-3D82-4138-9656-9DF38843A9CB}.Release|x64.Build.0 = Release|Any CPU
		{8E71E2FB-3D82-4138-9656-9DF38843A9CB}.Release|x86.ActiveCfg = Release|Any CPU
		{8E71E2FB-3D82-4138-9656-9DF38843A9CB}.Release|x86.Build.0 = Release|Any CPU
		{A1905899-7D43-4958-8978-E4230C68E2DF}.Debug|Any CPU.ActiveCfg = Debug|Any CPU
		{A1905899-7D43-4958-8978-E4230C68E2DF}.Debug|Any CPU.Build.0 = Debug|Any CPU
		{A1905899-7D43-4958-8978-E4230C68E2DF}.Debug|x64.ActiveCfg = Debug|Any CPU
		{A1905899-7D43-4958-8978-E4230C68E2DF}.Debug|x64.Build.0 = Debug|Any CPU
		{A1905899-7D43-4958-8978-E4230C68E2DF}.Debug|x86.ActiveCfg = Debug|Any CPU
		{A1905899-7D43-4958-8978-E4230C68E2DF}.Debug|x86.Build.0 = Debug|Any CPU
		{A1905899-7D43-4958-8978-E4230C68E2DF}.Release|Any CPU.ActiveCfg = Release|Any CPU
		{A1905899-7D43-4958-8978-E4230C68E2DF}.Release|Any CPU.Build.0 = Release|Any CPU
		{A1905899-7D43-4958-8978-E4230C68E2DF}.Release|x64.ActiveCfg = Release|Any CPU
		{A1905899-7D43-4958-8978-E4230C68E2DF}.Release|x64.Build.0 = Release|Any CPU
		{A1905899-7D43-4958-8978-E4230C68E2DF}.Release|x86.ActiveCfg = Release|Any CPU
		{A1905899-7D43-4958-8978-E4230C68E2DF}.Release|x86.Build.0 = Release|Any CPU
		{92ECE7D4-F9D6-496B-9572-D82952A04FDE}.Debug|Any CPU.ActiveCfg = Debug|Any CPU
		{92ECE7D4-F9D6-496B-9572-D82952A04FDE}.Debug|Any CPU.Build.0 = Debug|Any CPU
		{92ECE7D4-F9D6-496B-9572-D82952A04FDE}.Debug|x64.ActiveCfg = Debug|Any CPU
		{92ECE7D4-F9D6-496B-9572-D82952A04FDE}.Debug|x64.Build.0 = Debug|Any CPU
		{92ECE7D4-F9D6-496B-9572-D82952A04FDE}.Debug|x86.ActiveCfg = Debug|Any CPU
		{92ECE7D4-F9D6-496B-9572-D82952A04FDE}.Debug|x86.Build.0 = Debug|Any CPU
		{92ECE7D4-F9D6-496B-9572-D82952A04FDE}.Release|Any CPU.ActiveCfg = Release|Any CPU
		{92ECE7D4-F9D6-496B-9572-D82952A04FDE}.Release|Any CPU.Build.0 = Release|Any CPU
		{92ECE7D4-F9D6-496B-9572-D82952A04FDE}.Release|x64.ActiveCfg = Release|Any CPU
		{92ECE7D4-F9D6-496B-9572-D82952A04FDE}.Release|x64.Build.0 = Release|Any CPU
		{92ECE7D4-F9D6-496B-9572-D82952A04FDE}.Release|x86.ActiveCfg = Release|Any CPU
		{92ECE7D4-F9D6-496B-9572-D82952A04FDE}.Release|x86.Build.0 = Release|Any CPU
		{142803E0-3E43-4680-AC74-D16BB8D850AD}.Debug|Any CPU.ActiveCfg = Debug|Any CPU
		{142803E0-3E43-4680-AC74-D16BB8D850AD}.Debug|Any CPU.Build.0 = Debug|Any CPU
		{142803E0-3E43-4680-AC74-D16BB8D850AD}.Debug|x64.ActiveCfg = Debug|Any CPU
		{142803E0-3E43-4680-AC74-D16BB8D850AD}.Debug|x64.Build.0 = Debug|Any CPU
		{142803E0-3E43-4680-AC74-D16BB8D850AD}.Debug|x86.ActiveCfg = Debug|Any CPU
		{142803E0-3E43-4680-AC74-D16BB8D850AD}.Debug|x86.Build.0 = Debug|Any CPU
		{142803E0-3E43-4680-AC74-D16BB8D850AD}.Release|Any CPU.ActiveCfg = Release|Any CPU
		{142803E0-3E43-4680-AC74-D16BB8D850AD}.Release|Any CPU.Build.0 = Release|Any CPU
		{142803E0-3E43-4680-AC74-D16BB8D850AD}.Release|x64.ActiveCfg = Release|Any CPU
		{142803E0-3E43-4680-AC74-D16BB8D850AD}.Release|x64.Build.0 = Release|Any CPU
		{142803E0-3E43-4680-AC74-D16BB8D850AD}.Release|x86.ActiveCfg = Release|Any CPU
		{142803E0-3E43-4680-AC74-D16BB8D850AD}.Release|x86.Build.0 = Release|Any CPU
		{48F3DF7B-07DD-477B-975B-63D75AF8F65A}.Debug|Any CPU.ActiveCfg = Debug|Any CPU
		{48F3DF7B-07DD-477B-975B-63D75AF8F65A}.Debug|Any CPU.Build.0 = Debug|Any CPU
		{48F3DF7B-07DD-477B-975B-63D75AF8F65A}.Debug|x64.ActiveCfg = Debug|Any CPU
		{48F3DF7B-07DD-477B-975B-63D75AF8F65A}.Debug|x64.Build.0 = Debug|Any CPU
		{48F3DF7B-07DD-477B-975B-63D75AF8F65A}.Debug|x86.ActiveCfg = Debug|Any CPU
		{48F3DF7B-07DD-477B-975B-63D75AF8F65A}.Debug|x86.Build.0 = Debug|Any CPU
		{48F3DF7B-07DD-477B-975B-63D75AF8F65A}.Release|Any CPU.ActiveCfg = Release|Any CPU
		{48F3DF7B-07DD-477B-975B-63D75AF8F65A}.Release|Any CPU.Build.0 = Release|Any CPU
		{48F3DF7B-07DD-477B-975B-63D75AF8F65A}.Release|x64.ActiveCfg = Release|Any CPU
		{48F3DF7B-07DD-477B-975B-63D75AF8F65A}.Release|x64.Build.0 = Release|Any CPU
		{48F3DF7B-07DD-477B-975B-63D75AF8F65A}.Release|x86.ActiveCfg = Release|Any CPU
		{48F3DF7B-07DD-477B-975B-63D75AF8F65A}.Release|x86.Build.0 = Release|Any CPU
		{E7252819-F6A6-4485-92B7-2A3A6CCACB6A}.Debug|Any CPU.ActiveCfg = Debug|Any CPU
		{E7252819-F6A6-4485-92B7-2A3A6CCACB6A}.Debug|Any CPU.Build.0 = Debug|Any CPU
		{E7252819-F6A6-4485-92B7-2A3A6CCACB6A}.Debug|x64.ActiveCfg = Debug|Any CPU
		{E7252819-F6A6-4485-92B7-2A3A6CCACB6A}.Debug|x64.Build.0 = Debug|Any CPU
		{E7252819-F6A6-4485-92B7-2A3A6CCACB6A}.Debug|x86.ActiveCfg = Debug|Any CPU
		{E7252819-F6A6-4485-92B7-2A3A6CCACB6A}.Debug|x86.Build.0 = Debug|Any CPU
		{E7252819-F6A6-4485-92B7-2A3A6CCACB6A}.Release|Any CPU.ActiveCfg = Release|Any CPU
		{E7252819-F6A6-4485-92B7-2A3A6CCACB6A}.Release|Any CPU.Build.0 = Release|Any CPU
		{E7252819-F6A6-4485-92B7-2A3A6CCACB6A}.Release|x64.ActiveCfg = Release|Any CPU
		{E7252819-F6A6-4485-92B7-2A3A6CCACB6A}.Release|x64.Build.0 = Release|Any CPU
		{E7252819-F6A6-4485-92B7-2A3A6CCACB6A}.Release|x86.ActiveCfg = Release|Any CPU
		{E7252819-F6A6-4485-92B7-2A3A6CCACB6A}.Release|x86.Build.0 = Release|Any CPU
		{C331DDE2-C46E-472E-B2DA-066EF22A84B0}.Debug|Any CPU.ActiveCfg = Debug|Any CPU
		{C331DDE2-C46E-472E-B2DA-066EF22A84B0}.Debug|Any CPU.Build.0 = Debug|Any CPU
		{C331DDE2-C46E-472E-B2DA-066EF22A84B0}.Debug|x64.ActiveCfg = Debug|Any CPU
		{C331DDE2-C46E-472E-B2DA-066EF22A84B0}.Debug|x64.Build.0 = Debug|Any CPU
		{C331DDE2-C46E-472E-B2DA-066EF22A84B0}.Debug|x86.ActiveCfg = Debug|Any CPU
		{C331DDE2-C46E-472E-B2DA-066EF22A84B0}.Debug|x86.Build.0 = Debug|Any CPU
		{C331DDE2-C46E-472E-B2DA-066EF22A84B0}.Release|Any CPU.ActiveCfg = Release|Any CPU
		{C331DDE2-C46E-472E-B2DA-066EF22A84B0}.Release|Any CPU.Build.0 = Release|Any CPU
		{C331DDE2-C46E-472E-B2DA-066EF22A84B0}.Release|x64.ActiveCfg = Release|Any CPU
		{C331DDE2-C46E-472E-B2DA-066EF22A84B0}.Release|x64.Build.0 = Release|Any CPU
		{C331DDE2-C46E-472E-B2DA-066EF22A84B0}.Release|x86.ActiveCfg = Release|Any CPU
		{C331DDE2-C46E-472E-B2DA-066EF22A84B0}.Release|x86.Build.0 = Release|Any CPU
	EndGlobalSection
	GlobalSection(SolutionProperties) = preSolution
		HideSolutionNode = FALSE
	EndGlobalSection
	GlobalSection(NestedProjects) = preSolution
		{E1DACF73-A66D-4D7B-BE58-085FFF71B602} = {2C337142-F367-8BC9-A335-BAA4E73688A7}
		{B26224FE-8F7C-47A4-9C94-F52FB38752C9} = {2C337142-F367-8BC9-A335-BAA4E73688A7}
		{1D85B5E7-E802-41E3-AD13-8B004C7F6070} = {2C337142-F367-8BC9-A335-BAA4E73688A7}
		{C881A999-150F-48C1-B780-E1999DC03DE6} = {2C337142-F367-8BC9-A335-BAA4E73688A7}
		{65C629FE-D729-4234-96F1-5498992F440F} = {2C337142-F367-8BC9-A335-BAA4E73688A7}
		{7E7BAEF6-7288-49FA-91B1-670E4A89F93B} = {2C337142-F367-8BC9-A335-BAA4E73688A7}
		{8B7672C5-3990-4A6D-9A2B-B7F51CF89CA7} = {2C337142-F367-8BC9-A335-BAA4E73688A7}
		{2CFF0F1D-8A47-48B7-A1E5-F809C8321CE2} = {2C337142-F367-8BC9-A335-BAA4E73688A7}
		{77B80A03-4BCC-4F09-A282-0116EA6DB454} = {2C337142-F367-8BC9-A335-BAA4E73688A7}
		{8B981684-D898-466B-9A4C-983663E69E30} = {2C337142-F367-8BC9-A335-BAA4E73688A7}
		{644A68E6-61BC-469C-92B1-5F7C56BCBBE5} = {2C337142-F367-8BC9-A335-BAA4E73688A7}
		{9AC8919D-90FF-420F-9118-6E48858E4151} = {2C337142-F367-8BC9-A335-BAA4E73688A7}
		{1E1C5291-454A-4D38-A022-11FC66B6A0D0} = {2C337142-F367-8BC9-A335-BAA4E73688A7}
		{C29E305F-7173-4E47-AD38-12435C8AC1D1} = {2C337142-F367-8BC9-A335-BAA4E73688A7}
		{4342C0D7-CB7D-4C7A-B523-8CD88B4F7936} = {2C337142-F367-8BC9-A335-BAA4E73688A7}
		{19749A57-F47D-416B-A6D0-832DDC7C7F6D} = {89D42007-A095-F2C3-B032-F9BE64D2CF3D}
		{3C458489-D11A-423A-8812-012FD2BDC269} = {89D42007-A095-F2C3-B032-F9BE64D2CF3D}
		{9E87DC39-22B1-412F-AD55-459E483CE0BB} = {89D42007-A095-F2C3-B032-F9BE64D2CF3D}
		{19CD3AB6-6E7C-4600-9AC6-C31218AACFB3} = {89D42007-A095-F2C3-B032-F9BE64D2CF3D}
		{188A4827-41AA-4B1D-9D2F-51F4B041B690} = {4F9D9A37-3A0C-C5BE-1E84-3E7545A1B438}
		{D9C25568-8C4F-44B0-BFF7-67FE8D07DD34} = {89B3F177-2F5E-9EC5-D077-D85519778F0C}
		{482A68E3-4A91-43EE-ABAD-B073EE6D0F93} = {89B3F177-2F5E-9EC5-D077-D85519778F0C}
		{C7193BF4-57A9-4042-A1AF-EFD86E073C7A} = {4AA88E5F-6662-9E94-9A01-6374ED48834D}
		{D5DB55D1-C8BA-401A-A509-27988F3EF211} = {3F153BC2-C91F-9F62-BB9E-2B2FB1F48B01}
		{EC4E4156-C7D0-46E9-A58B-6E5670C12DAA} = {3F153BC2-C91F-9F62-BB9E-2B2FB1F48B01}
		{F4712A61-4DC7-4E42-8CDA-1ECD86460359} = {0452F02D-1225-FDFD-7B87-A8D5D8B67CD2}
		{7608C691-7D21-4747-B042-CB21062A0780} = {0452F02D-1225-FDFD-7B87-A8D5D8B67CD2}
		{B09B6930-22ED-4975-8AFE-1E85F4406F07} = {8591B607-85C4-7281-F2D9-E7CB135B7177}
		{98C45584-BED5-4A64-A07E-DB31B56E8D5F} = {8591B607-85C4-7281-F2D9-E7CB135B7177}
		{8E71E2FB-3D82-4138-9656-9DF38843A9CB} = {8591B607-85C4-7281-F2D9-E7CB135B7177}
		{A1905899-7D43-4958-8978-E4230C68E2DF} = {C81FEFF8-D749-AF91-0C1B-EC93270B12B3}
		{92ECE7D4-F9D6-496B-9572-D82952A04FDE} = {4A416FE8-E053-1292-E978-1ED98D4097C6}
		{142803E0-3E43-4680-AC74-D16BB8D850AD} = {4447266E-9C6F-9FA6-A797-CC9BD21BE1D9}
		{48F3DF7B-07DD-477B-975B-63D75AF8F65A} = {661CAC8D-C69A-F468-CCAA-FAB0B7D1E366}
		{E7252819-F6A6-4485-92B7-2A3A6CCACB6A} = {4E27AAAE-8295-6263-20B4-1651839E6C8B}
	EndGlobalSection
	GlobalSection(ExtensibilityGlobals) = postSolution
		SolutionGuid = {2E50CC6F-8A09-4887-8D00-978187B49416}
	EndGlobalSection
EndGlobal
